
Microsoft Visual Studio Solution File, Format Version 12.00
# Visual Studio 15
VisualStudioVersion = 15.0.26403.3
MinimumVisualStudioVersion = 10.0.40219.1
Project("{FAE04EC0-301F-11D3-BF4B-00C04F79EFBC}") = "Algorithms.Search", "Algorithms.Search\Algorithms.Search.csproj", "{DCAC19C4-F6F7-4539-A864-1FBD1D3E6ED8}"
EndProject
Project("{FAE04EC0-301F-11D3-BF4B-00C04F79EFBC}") = "Algorithms.Problems", "Algorithms.Problems\Algorithms.Problems.csproj", "{8A62E321-2030-40B6-9652-EACF5E73D928}"
EndProject
Project("{FAE04EC0-301F-11D3-BF4B-00C04F79EFBC}") = "Algorithms.Strings", "Algorithms.Strings\Algorithms.Strings.csproj", "{465159B4-45A7-4580-B81A-F7C1909512B6}"
EndProject
Project("{FAE04EC0-301F-11D3-BF4B-00C04F79EFBC}") = "Algorithms.Entities", "Algorithms.Entities\Algorithms.Entities.csproj", "{8D7E1105-A98F-4B0A-94C4-BFC55DA210DD}"
EndProject
Project("{FAE04EC0-301F-11D3-BF4B-00C04F79EFBC}") = "Algorithms.BigO", "Algorithms.BigO\Algorithms.BigO.csproj", "{9781450A-9C80-459C-8377-BFADBB801323}"
EndProject
Project("{FAE04EC0-301F-11D3-BF4B-00C04F79EFBC}") = "Algorithms.Arrays", "Algorithms.Arrays\Algorithms.Arrays.csproj", "{90E5451E-3E0F-4528-AB12-576E2FB3BC75}"
EndProject
Project("{2150E333-8FDC-42A3-9474-1A3956D46DE8}") = "Solution Items", "Solution Items", "{479E48DF-8C25-4B72-982F-168A5336FE3D}"
EndProject
Project("{2150E333-8FDC-42A3-9474-1A3956D46DE8}") = "Resources", "Resources", "{2496AAF0-6217-4505-BD19-3B01108517AA}"
	ProjectSection(SolutionItems) = preProject
		..\..\Users\Gopala\Google Drive\Google Interview\Algorithms Design\Algorithms Design.docx = ..\..\Users\Gopala\Google Drive\Google Interview\Algorithms Design\Algorithms Design.docx
		AlgorithmsLinks.txt = AlgorithmsLinks.txt
		..\..\Users\Gopala\Google Drive\Google Interview\BigOComplexityChart.jpg = ..\..\Users\Gopala\Google Drive\Google Interview\BigOComplexityChart.jpg
		..\..\Users\Gopala\Desktop\Corner Cases in Coding.docx = ..\..\Users\Gopala\Desktop\Corner Cases in Coding.docx
		..\..\Users\Gopala\Google Drive\Google Interview\Algorithms Design\CrackingTheCodingInterview_GayleLaakmann.pdf = ..\..\Users\Gopala\Google Drive\Google Interview\Algorithms Design\CrackingTheCodingInterview_GayleLaakmann.pdf
		..\..\Users\Gopala\Desktop\PowerOf2Chart.JPG = ..\..\Users\Gopala\Desktop\PowerOf2Chart.JPG
		..\..\Users\Gopala\Google Drive\Google Interview\Algorithms Design\the-algorithm-design-canvas.JPG = ..\..\Users\Gopala\Google Drive\Google Interview\Algorithms Design\the-algorithm-design-canvas.JPG
		..\..\Users\Gopala\Google Drive\Google Interview\Algorithms Design\the-common-complexities-handout.pdf = ..\..\Users\Gopala\Google Drive\Google Interview\Algorithms Design\the-common-complexities-handout.pdf
		..\..\Users\Gopala\Google Drive\Google Interview\Algorithms Design\the-common-constraints-handout.pdf = ..\..\Users\Gopala\Google Drive\Google Interview\Algorithms Design\the-common-constraints-handout.pdf
	EndProjectSection
EndProject
Project("{FAE04EC0-301F-11D3-BF4B-00C04F79EFBC}") = "Algorithms.Math", "Algorithms.Math\Algorithms.Math.csproj", "{2FC32C3C-C45C-4BAB-90C0-18E9D7CEC752}"
EndProject
Project("{FAE04EC0-301F-11D3-BF4B-00C04F79EFBC}") = "Algorithms.Sorting", "Algorithms.Sorting\Algorithms.Sorting.csproj", "{D3C8542F-106A-403F-9A6D-1997B5C301EB}"
EndProject
Project("{FAE04EC0-301F-11D3-BF4B-00C04F79EFBC}") = "DataStructures.HashTable", "DataStructures.HashTable\DataStructures.HashTable.csproj", "{26475A25-8FBB-4E69-A1CC-6A25AA3BEE8C}"
EndProject
Project("{FAE04EC0-301F-11D3-BF4B-00C04F79EFBC}") = "DataStructures.Dictionary", "DataStructures.Dictionary\DataStructures.Dictionary.csproj", "{CF3F35DA-A050-4B96-8FF7-4F5CB9D0F836}"
EndProject
Global
	GlobalSection(SolutionConfigurationPlatforms) = preSolution
		Debug|Any CPU = Debug|Any CPU
		Release|Any CPU = Release|Any CPU
	EndGlobalSection
	GlobalSection(ProjectConfigurationPlatforms) = postSolution
		{DCAC19C4-F6F7-4539-A864-1FBD1D3E6ED8}.Debug|Any CPU.ActiveCfg = Debug|Any CPU
		{DCAC19C4-F6F7-4539-A864-1FBD1D3E6ED8}.Debug|Any CPU.Build.0 = Debug|Any CPU
		{DCAC19C4-F6F7-4539-A864-1FBD1D3E6ED8}.Release|Any CPU.ActiveCfg = Release|Any CPU
		{DCAC19C4-F6F7-4539-A864-1FBD1D3E6ED8}.Release|Any CPU.Build.0 = Release|Any CPU
		{8A62E321-2030-40B6-9652-EACF5E73D928}.Debug|Any CPU.ActiveCfg = Debug|Any CPU
		{8A62E321-2030-40B6-9652-EACF5E73D928}.Debug|Any CPU.Build.0 = Debug|Any CPU
		{8A62E321-2030-40B6-9652-EACF5E73D928}.Release|Any CPU.ActiveCfg = Release|Any CPU
		{8A62E321-2030-40B6-9652-EACF5E73D928}.Release|Any CPU.Build.0 = Release|Any CPU
		{465159B4-45A7-4580-B81A-F7C1909512B6}.Debug|Any CPU.ActiveCfg = Debug|Any CPU
		{465159B4-45A7-4580-B81A-F7C1909512B6}.Debug|Any CPU.Build.0 = Debug|Any CPU
		{465159B4-45A7-4580-B81A-F7C1909512B6}.Release|Any CPU.ActiveCfg = Release|Any CPU
		{465159B4-45A7-4580-B81A-F7C1909512B6}.Release|Any CPU.Build.0 = Release|Any CPU
		{8D7E1105-A98F-4B0A-94C4-BFC55DA210DD}.Debug|Any CPU.ActiveCfg = Debug|Any CPU
		{8D7E1105-A98F-4B0A-94C4-BFC55DA210DD}.Debug|Any CPU.Build.0 = Debug|Any CPU
		{8D7E1105-A98F-4B0A-94C4-BFC55DA210DD}.Release|Any CPU.ActiveCfg = Release|Any CPU
		{8D7E1105-A98F-4B0A-94C4-BFC55DA210DD}.Release|Any CPU.Build.0 = Release|Any CPU
		{9781450A-9C80-459C-8377-BFADBB801323}.Debug|Any CPU.ActiveCfg = Debug|Any CPU
		{9781450A-9C80-459C-8377-BFADBB801323}.Debug|Any CPU.Build.0 = Debug|Any CPU
		{9781450A-9C80-459C-8377-BFADBB801323}.Release|Any CPU.ActiveCfg = Release|Any CPU
		{9781450A-9C80-459C-8377-BFADBB801323}.Release|Any CPU.Build.0 = Release|Any CPU
		{90E5451E-3E0F-4528-AB12-576E2FB3BC75}.Debug|Any CPU.ActiveCfg = Debug|Any CPU
		{90E5451E-3E0F-4528-AB12-576E2FB3BC75}.Debug|Any CPU.Build.0 = Debug|Any CPU
		{90E5451E-3E0F-4528-AB12-576E2FB3BC75}.Release|Any CPU.ActiveCfg = Release|Any CPU
		{90E5451E-3E0F-4528-AB12-576E2FB3BC75}.Release|Any CPU.Build.0 = Release|Any CPU
		{2FC32C3C-C45C-4BAB-90C0-18E9D7CEC752}.Debug|Any CPU.ActiveCfg = Debug|Any CPU
		{2FC32C3C-C45C-4BAB-90C0-18E9D7CEC752}.Debug|Any CPU.Build.0 = Debug|Any CPU
		{2FC32C3C-C45C-4BAB-90C0-18E9D7CEC752}.Release|Any CPU.ActiveCfg = Release|Any CPU
		{2FC32C3C-C45C-4BAB-90C0-18E9D7CEC752}.Release|Any CPU.Build.0 = Release|Any CPU
		{D3C8542F-106A-403F-9A6D-1997B5C301EB}.Debug|Any CPU.ActiveCfg = Debug|Any CPU
		{D3C8542F-106A-403F-9A6D-1997B5C301EB}.Debug|Any CPU.Build.0 = Debug|Any CPU
		{D3C8542F-106A-403F-9A6D-1997B5C301EB}.Release|Any CPU.ActiveCfg = Release|Any CPU
		{D3C8542F-106A-403F-9A6D-1997B5C301EB}.Release|Any CPU.Build.0 = Release|Any CPU
		{26475A25-8FBB-4E69-A1CC-6A25AA3BEE8C}.Debug|Any CPU.ActiveCfg = Debug|Any CPU
		{26475A25-8FBB-4E69-A1CC-6A25AA3BEE8C}.Debug|Any CPU.Build.0 = Debug|Any CPU
		{26475A25-8FBB-4E69-A1CC-6A25AA3BEE8C}.Release|Any CPU.ActiveCfg = Release|Any CPU
		{26475A25-8FBB-4E69-A1CC-6A25AA3BEE8C}.Release|Any CPU.Build.0 = Release|Any CPU
		{CF3F35DA-A050-4B96-8FF7-4F5CB9D0F836}.Debug|Any CPU.ActiveCfg = Debug|Any CPU
		{CF3F35DA-A050-4B96-8FF7-4F5CB9D0F836}.Debug|Any CPU.Build.0 = Debug|Any CPU
		{CF3F35DA-A050-4B96-8FF7-4F5CB9D0F836}.Release|Any CPU.ActiveCfg = Release|Any CPU
		{CF3F35DA-A050-4B96-8FF7-4F5CB9D0F836}.Release|Any CPU.Build.0 = Release|Any CPU
	EndGlobalSection
	GlobalSection(SolutionProperties) = preSolution
		HideSolutionNode = FALSE
	EndGlobalSection
	GlobalSection(NestedProjects) = preSolution
		{2496AAF0-6217-4505-BD19-3B01108517AA} = {479E48DF-8C25-4B72-982F-168A5336FE3D}
	EndGlobalSection
EndGlobal
