
Microsoft Visual Studio Solution File, Format Version 12.00
# Visual Studio 15
VisualStudioVersion = 15.0.26403.3
MinimumVisualStudioVersion = 10.0.40219.1
Project("{FAE04EC0-301F-11D3-BF4B-00C04F79EFBC}") = "Algorithms.Sorting", "Algorithms.Sorting\Algorithms.Sorting.csproj", "{9A57B220-4CA9-4224-A459-107602F01F56}"
EndProject
Project("{FAE04EC0-301F-11D3-BF4B-00C04F79EFBC}") = "Algorithms.Factorial", "Algorithms.Factorial\Algorithms.Factorial.csproj", "{0334A881-EC1C-4A96-AE8E-EBB744F23778}"
EndProject
Project("{FAE04EC0-301F-11D3-BF4B-00C04F79EFBC}") = "Algorithms.Search", "Algorithms.Search\Algorithms.Search.csproj", "{DCAC19C4-F6F7-4539-A864-1FBD1D3E6ED8}"
EndProject
Project("{FAE04EC0-301F-11D3-BF4B-00C04F79EFBC}") = "Algorithms.Swap", "Algorithms.Swap\Algorithms.Swap.csproj", "{12253075-AEA7-4F1F-9551-F64F71260D68}"
EndProject
Project("{FAE04EC0-301F-11D3-BF4B-00C04F79EFBC}") = "Algorithms.Problems", "Algorithms.Problems\Algorithms.Problems.csproj", "{8A62E321-2030-40B6-9652-EACF5E73D928}"
EndProject
Project("{FAE04EC0-301F-11D3-BF4B-00C04F79EFBC}") = "Algorithms.Strings", "Algorithms.Strings\Algorithms.Strings.csproj", "{465159B4-45A7-4580-B81A-F7C1909512B6}"
EndProject
Project("{FAE04EC0-301F-11D3-BF4B-00C04F79EFBC}") = "Algorithms.Entities", "Algorithms.Entities\Algorithms.Entities.csproj", "{8D7E1105-A98F-4B0A-94C4-BFC55DA210DD}"
EndProject
Project("{FAE04EC0-301F-11D3-BF4B-00C04F79EFBC}") = "Algorithms.BigO", "Algorithms.BigO\Algorithms.BigO.csproj", "{9781450A-9C80-459C-8377-BFADBB801323}"
EndProject
Project("{FAE04EC0-301F-11D3-BF4B-00C04F79EFBC}") = "Algorithms.Arrays", "Algorithms.Arrays\Algorithms.Arrays.csproj", "{90E5451E-3E0F-4528-AB12-576E2FB3BC75}"
EndProject
Project("{2150E333-8FDC-42A3-9474-1A3956D46DE8}") = "Solution Items", "Solution Items", "{479E48DF-8C25-4B72-982F-168A5336FE3D}"
	ProjectSection(SolutionItems) = preProject
		AlgorithmsLinks.txt = AlgorithmsLinks.txt
	EndProjectSection
EndProject
Project("{2150E333-8FDC-42A3-9474-1A3956D46DE8}") = "Resources", "Resources", "{2496AAF0-6217-4505-BD19-3B01108517AA}"
	ProjectSection(SolutionItems) = preProject
		AlgorithmsLinks.txt = AlgorithmsLinks.txt
		..\..\Users\Gopala\Desktop\Corner Cases in Coding.docx = ..\..\Users\Gopala\Desktop\Corner Cases in Coding.docx
	EndProjectSection
EndProject
Global
	GlobalSection(SolutionConfigurationPlatforms) = preSolution
		Debug|Any CPU = Debug|Any CPU
		Release|Any CPU = Release|Any CPU
	EndGlobalSection
	GlobalSection(ProjectConfigurationPlatforms) = postSolution
		{9A57B220-4CA9-4224-A459-107602F01F56}.Debug|Any CPU.ActiveCfg = Debug|Any CPU
		{9A57B220-4CA9-4224-A459-107602F01F56}.Debug|Any CPU.Build.0 = Debug|Any CPU
		{9A57B220-4CA9-4224-A459-107602F01F56}.Release|Any CPU.ActiveCfg = Release|Any CPU
		{9A57B220-4CA9-4224-A459-107602F01F56}.Release|Any CPU.Build.0 = Release|Any CPU
		{0334A881-EC1C-4A96-AE8E-EBB744F23778}.Debug|Any CPU.ActiveCfg = Debug|Any CPU
		{0334A881-EC1C-4A96-AE8E-EBB744F23778}.Debug|Any CPU.Build.0 = Debug|Any CPU
		{0334A881-EC1C-4A96-AE8E-EBB744F23778}.Release|Any CPU.ActiveCfg = Release|Any CPU
		{0334A881-EC1C-4A96-AE8E-EBB744F23778}.Release|Any CPU.Build.0 = Release|Any CPU
		{DCAC19C4-F6F7-4539-A864-1FBD1D3E6ED8}.Debug|Any CPU.ActiveCfg = Debug|Any CPU
		{DCAC19C4-F6F7-4539-A864-1FBD1D3E6ED8}.Debug|Any CPU.Build.0 = Debug|Any CPU
		{DCAC19C4-F6F7-4539-A864-1FBD1D3E6ED8}.Release|Any CPU.ActiveCfg = Release|Any CPU
		{DCAC19C4-F6F7-4539-A864-1FBD1D3E6ED8}.Release|Any CPU.Build.0 = Release|Any CPU
		{12253075-AEA7-4F1F-9551-F64F71260D68}.Debug|Any CPU.ActiveCfg = Debug|Any CPU
		{12253075-AEA7-4F1F-9551-F64F71260D68}.Debug|Any CPU.Build.0 = Debug|Any CPU
		{12253075-AEA7-4F1F-9551-F64F71260D68}.Release|Any CPU.ActiveCfg = Release|Any CPU
		{12253075-AEA7-4F1F-9551-F64F71260D68}.Release|Any CPU.Build.0 = Release|Any CPU
		{8A62E321-2030-40B6-9652-EACF5E73D928}.Debug|Any CPU.ActiveCfg = Debug|Any CPU
		{8A62E321-2030-40B6-9652-EACF5E73D928}.Debug|Any CPU.Build.0 = Debug|Any CPU
		{8A62E321-2030-40B6-9652-EACF5E73D928}.Release|Any CPU.ActiveCfg = Release|Any CPU
		{8A62E321-2030-40B6-9652-EACF5E73D928}.Release|Any CPU.Build.0 = Release|Any CPU
		{465159B4-45A7-4580-B81A-F7C1909512B6}.Debug|Any CPU.ActiveCfg = Debug|Any CPU
		{465159B4-45A7-4580-B81A-F7C1909512B6}.Debug|Any CPU.Build.0 = Debug|Any CPU
		{465159B4-45A7-4580-B81A-F7C1909512B6}.Release|Any CPU.ActiveCfg = Release|Any CPU
		{465159B4-45A7-4580-B81A-F7C1909512B6}.Release|Any CPU.Build.0 = Release|Any CPU
		{8D7E1105-A98F-4B0A-94C4-BFC55DA210DD}.Debug|Any CPU.ActiveCfg = Debug|Any CPU
		{8D7E1105-A98F-4B0A-94C4-BFC55DA210DD}.Debug|Any CPU.Build.0 = Debug|Any CPU
		{8D7E1105-A98F-4B0A-94C4-BFC55DA210DD}.Release|Any CPU.ActiveCfg = Release|Any CPU
		{8D7E1105-A98F-4B0A-94C4-BFC55DA210DD}.Release|Any CPU.Build.0 = Release|Any CPU
		{9781450A-9C80-459C-8377-BFADBB801323}.Debug|Any CPU.ActiveCfg = Debug|Any CPU
		{9781450A-9C80-459C-8377-BFADBB801323}.Debug|Any CPU.Build.0 = Debug|Any CPU
		{9781450A-9C80-459C-8377-BFADBB801323}.Release|Any CPU.ActiveCfg = Release|Any CPU
		{9781450A-9C80-459C-8377-BFADBB801323}.Release|Any CPU.Build.0 = Release|Any CPU
		{90E5451E-3E0F-4528-AB12-576E2FB3BC75}.Debug|Any CPU.ActiveCfg = Debug|Any CPU
		{90E5451E-3E0F-4528-AB12-576E2FB3BC75}.Debug|Any CPU.Build.0 = Debug|Any CPU
		{90E5451E-3E0F-4528-AB12-576E2FB3BC75}.Release|Any CPU.ActiveCfg = Release|Any CPU
		{90E5451E-3E0F-4528-AB12-576E2FB3BC75}.Release|Any CPU.Build.0 = Release|Any CPU
	EndGlobalSection
	GlobalSection(SolutionProperties) = preSolution
		HideSolutionNode = FALSE
	EndGlobalSection
	GlobalSection(NestedProjects) = preSolution
		{2496AAF0-6217-4505-BD19-3B01108517AA} = {479E48DF-8C25-4B72-982F-168A5336FE3D}
	EndGlobalSection
EndGlobal
